
Microsoft Visual Studio Solution File, Format Version 12.00
# Visual Studio Version 17
VisualStudioVersion = 17.11.35208.52
MinimumVisualStudioVersion = 10.0.40219.1
Project("{9A19103F-16F7-4668-BE54-9A1E7A4F7556}") = "LabbBlazor", "LabbBlazor\LabbBlazor.csproj", "{A7416479-A001-4955-BE82-2887A0823296}"
EndProject
Global
	GlobalSection(SolutionConfigurationPlatforms) = preSolution
		Debug|Any CPU = Debug|Any CPU
		Release|Any CPU = Release|Any CPU
	EndGlobalSection
	GlobalSection(ProjectConfigurationPlatforms) = postSolution
		{A7416479-A001-4955-BE82-2887A0823296}.Debug|Any CPU.ActiveCfg = Debug|Any CPU
		{A7416479-A001-4955-BE82-2887A0823296}.Debug|Any CPU.Build.0 = Debug|Any CPU
		{A7416479-A001-4955-BE82-2887A0823296}.Release|Any CPU.ActiveCfg = Release|Any CPU
		{A7416479-A001-4955-BE82-2887A0823296}.Release|Any CPU.Build.0 = Release|Any CPU
	EndGlobalSection
	GlobalSection(SolutionProperties) = preSolution
		HideSolutionNode = FALSE
	EndGlobalSection
	GlobalSection(ExtensibilityGlobals) = postSolution
		SolutionGuid = {0E0BAE0D-F471-4B52-87D5-F95960F31AB7}
	EndGlobalSection
EndGlobal
